
Microsoft Visual Studio Solution File, Format Version 12.00
# Visual Studio 15
VisualStudioVersion = 15.0.27428.2027
MinimumVisualStudioVersion = 10.0.40219.1
Project("{FAE04EC0-301F-11D3-BF4B-00C04F79EFBC}") = "Mars Track Display Simulation", "Mars Track Display Simulation\Mars Track Display Simulation.csproj", "{773B5265-6B6A-4A09-A03D-382354ED15B9}"
EndProject
Global
	GlobalSection(SolutionConfigurationPlatforms) = preSolution
		Debug|Any CPU = Debug|Any CPU
		Release|Any CPU = Release|Any CPU
	EndGlobalSection
	GlobalSection(ProjectConfigurationPlatforms) = postSolution
		{773B5265-6B6A-4A09-A03D-382354ED15B9}.Debug|Any CPU.ActiveCfg = Debug|Any CPU
		{773B5265-6B6A-4A09-A03D-382354ED15B9}.Debug|Any CPU.Build.0 = Debug|Any CPU
		{773B5265-6B6A-4A09-A03D-382354ED15B9}.Release|Any CPU.ActiveCfg = Release|Any CPU
		{773B5265-6B6A-4A09-A03D-382354ED15B9}.Release|Any CPU.Build.0 = Release|Any CPU
	EndGlobalSection
	GlobalSection(SolutionProperties) = preSolution
		HideSolutionNode = FALSE
	EndGlobalSection
	GlobalSection(ExtensibilityGlobals) = postSolution
		SolutionGuid = {E89BD92A-2987-4A0D-A99D-82BAA7A44B36}
	EndGlobalSection
EndGlobal
