
Microsoft Visual Studio Solution File, Format Version 12.00
# Visual Studio 15
VisualStudioVersion = 15.0.28010.2046
MinimumVisualStudioVersion = 10.0.40219.1
Project("{FAE04EC0-301F-11D3-BF4B-00C04F79EFBC}") = "MarsTrack Sim", "MarsTrack Sim\MarsTrack Sim.csproj", "{736643A6-84A5-4866-89AC-509E937D5CE2}"
EndProject
Global
	GlobalSection(SolutionConfigurationPlatforms) = preSolution
		Debug|Any CPU = Debug|Any CPU
		Release|Any CPU = Release|Any CPU
	EndGlobalSection
	GlobalSection(ProjectConfigurationPlatforms) = postSolution
		{736643A6-84A5-4866-89AC-509E937D5CE2}.Debug|Any CPU.ActiveCfg = Debug|Any CPU
		{736643A6-84A5-4866-89AC-509E937D5CE2}.Debug|Any CPU.Build.0 = Debug|Any CPU
		{736643A6-84A5-4866-89AC-509E937D5CE2}.Release|Any CPU.ActiveCfg = Release|Any CPU
		{736643A6-84A5-4866-89AC-509E937D5CE2}.Release|Any CPU.Build.0 = Release|Any CPU
	EndGlobalSection
	GlobalSection(SolutionProperties) = preSolution
		HideSolutionNode = FALSE
	EndGlobalSection
	GlobalSection(ExtensibilityGlobals) = postSolution
		SolutionGuid = {41929B12-FF75-4CA7-9E94-DFBBF4A66527}
	EndGlobalSection
EndGlobal
